github.com/namsral/flag v0.0.0-20150401105311-bd57b3fc9ada h1:DQhLushEs1ml+rvDypocY38oY/3j+7SMT461aB+ZiAo=
github.com/namsral/flag v0.0.0-20150401105311-bd57b3fc9ada/go.mod h1:OXldTctbM6SWH1K899kPZcf65KxJiD7MsceFUpB5yDo=
github.com/robfig/cron/v3 v3.0.0 h1:kQ6Cb7aHOHTSzNVNEhmp8EcWKLb4CbiMW9h9VyIhO4E=
github.com/robfig/cron/v3 v3.0.0/go.mod h1:eQICP3HwyT7UooqI/z+Ov+PtYAWygg1TEWWzGIFLtro=
